
Microsoft Visual Studio Solution File, Format Version 12.00
# Visual Studio Version 17
VisualStudioVersion = 17.2.32516.85
MinimumVisualStudioVersion = 10.0.40219.1
Project("{FAE04EC0-301F-11D3-BF4B-00C04F79EFBC}") = "猫咪回收站3.0", "猫咪回收站3.0.csproj", "{E2A5EDA5-6CD1-46C3-B526-F83BC7EA2C9C}"
EndProject
Global
	GlobalSection(SolutionConfigurationPlatforms) = preSolution
		Debug|Any CPU = Debug|Any CPU
		Release|Any CPU = Release|Any CPU
	EndGlobalSection
	GlobalSection(ProjectConfigurationPlatforms) = postSolution
		{E2A5EDA5-6CD1-46C3-B526-F83BC7EA2C9C}.Debug|Any CPU.ActiveCfg = Debug|Any CPU
		{E2A5EDA5-6CD1-46C3-B526-F83BC7EA2C9C}.Debug|Any CPU.Build.0 = Debug|Any CPU
		{E2A5EDA5-6CD1-46C3-B526-F83BC7EA2C9C}.Release|Any CPU.ActiveCfg = Release|Any CPU
		{E2A5EDA5-6CD1-46C3-B526-F83BC7EA2C9C}.Release|Any CPU.Build.0 = Release|Any CPU
	EndGlobalSection
	GlobalSection(SolutionProperties) = preSolution
		HideSolutionNode = FALSE
	EndGlobalSection
	GlobalSection(ExtensibilityGlobals) = postSolution
		SolutionGuid = {AD5E1E67-9A04-4308-9DE4-B4AB88FBCA59}
	EndGlobalSection
EndGlobal
